<?xml version="1.0" encoding="utf-8"?>
<Project ToolsVersion="4.0" xmlns="http://schemas.microsoft.com/developer/msbuild/2003">
  <ItemGroup>
    <Filter Include="Core">
      <UniqueIdentifier>{2EB4837C-1AEB-840D-C3D7-6A10AFED000F}</UniqueIdentifier>
    </Filter>
    <Filter Include="Editor">
      <UniqueIdentifier>{8C1A20B0-78BC-4A86-6177-5EDA4DB8D1D6}</UniqueIdentifier>
    </Filter>
    <Filter Include="Engine">
      <UniqueIdentifier>{DBC7D3B0-C769-FE86-B024-12DB9C6585D7}</UniqueIdentifier>
    </Filter>
    <Filter Include="Engine\Events">
      <UniqueIdentifier>{5FAFB439-CB6F-3070-94AA-79ED002A754C}</UniqueIdentifier>
    </Filter>
    <Filter Include="Engine\Renderer">
      <UniqueIdentifier>{E1119970-4D9D-0635-56AE-8929C2B86235}</UniqueIdentifier>
    </Filter>
    <Filter Include="Graphics">
      <UniqueIdentifier>{1653CE33-0220-293F-2B39-17E717655ECD}</UniqueIdentifier>
    </Filter>
    <Filter Include="Graphics\DirectX12">
      <UniqueIdentifier>{5B485122-472C-1278-B08C-0CCB9C8FFCF9}</UniqueIdentifier>
    </Filter>
    <Filter Include="Graphics\Factories">
      <UniqueIdentifier>{05B2674A-F195-28A0-5AF6-22F346F91222}</UniqueIdentifier>
    </Filter>
    <Filter Include="Graphics\Vulkan">
      <UniqueIdentifier>{D64BCAB8-42D7-377D-4BE8-BA71B7F2937D}</UniqueIdentifier>
    </Filter>
    <Filter Include="Main">
      <UniqueIdentifier>{4AF3887C-362A-8A0D-DF16-7010CB2C060F}</UniqueIdentifier>
    </Filter>
    <Filter Include="Platform">
      <UniqueIdentifier>{2AC788B4-1694-E3BF-3FAD-D1672BD9184E}</UniqueIdentifier>
    </Filter>
    <Filter Include="Platform\Windows">
      <UniqueIdentifier>{64FBD71A-50F4-F66C-7926-DCF1657ED678}</UniqueIdentifier>
    </Filter>
  </ItemGroup>
  <ItemGroup>
    <ClInclude Include="src\Core\Core.hpp">
      <Filter>Core</Filter>
    </ClInclude>
    <ClInclude Include="src\Core\KeyCodes.hpp">
      <Filter>Core</Filter>
    </ClInclude>
    <ClInclude Include="src\Core\Log.hpp">
      <Filter>Core</Filter>
    </ClInclude>
    <ClInclude Include="src\Core\Timer.hpp">
      <Filter>Core</Filter>
    </ClInclude>
    <ClInclude Include="src\Editor\AssetsPanel.hpp">
      <Filter>Editor</Filter>
    </ClInclude>
    <ClInclude Include="src\Editor\ConsolePanel.hpp">
      <Filter>Editor</Filter>
    </ClInclude>
    <ClInclude Include="src\Editor\Editor.hpp">
      <Filter>Editor</Filter>
    </ClInclude>
    <ClInclude Include="src\Editor\GamePanel.hpp">
      <Filter>Editor</Filter>
    </ClInclude>
    <ClInclude Include="src\Editor\HeirarchyPanel.hpp">
      <Filter>Editor</Filter>
    </ClInclude>
    <ClInclude Include="src\Editor\IEditorPanel.hpp">
      <Filter>Editor</Filter>
    </ClInclude>
    <ClInclude Include="src\Editor\InspectorPanel.hpp">
      <Filter>Editor</Filter>
    </ClInclude>
    <ClInclude Include="src\Editor\MaterialPanel.hpp">
      <Filter>Editor</Filter>
    </ClInclude>
    <ClInclude Include="src\Editor\ScenePanel.hpp">
      <Filter>Editor</Filter>
    </ClInclude>
    <ClInclude Include="src\Engine\Application.hpp">
      <Filter>Engine</Filter>
    </ClInclude>
    <ClInclude Include="src\Engine\AssetManager.hpp">
      <Filter>Engine</Filter>
    </ClInclude>
    <ClInclude Include="src\Engine\Camera.hpp">
      <Filter>Engine</Filter>
    </ClInclude>
    <ClInclude Include="src\Engine\Component.hpp">
      <Filter>Engine</Filter>
    </ClInclude>
    <ClInclude Include="src\Engine\Engine.hpp">
      <Filter>Engine</Filter>
    </ClInclude>
    <ClInclude Include="src\Engine\EngineGlobal.hpp">
      <Filter>Engine</Filter>
    </ClInclude>
    <ClInclude Include="src\Engine\Entity.hpp">
      <Filter>Engine</Filter>
    </ClInclude>
    <ClInclude Include="src\Engine\Events\ApplicationEvent.hpp">
      <Filter>Engine\Events</Filter>
    </ClInclude>
    <ClInclude Include="src\Engine\Events\Event.hpp">
      <Filter>Engine\Events</Filter>
    </ClInclude>
    <ClInclude Include="src\Engine\Events\KeyEvent.hpp">
      <Filter>Engine\Events</Filter>
    </ClInclude>
    <ClInclude Include="src\Engine\Events\MouseEvent.hpp">
      <Filter>Engine\Events</Filter>
    </ClInclude>
    <ClInclude Include="src\Engine\MeshAsset.hpp">
      <Filter>Engine</Filter>
    </ClInclude>
    <ClInclude Include="src\Engine\OrthographicCamera.hpp">
      <Filter>Engine</Filter>
    </ClInclude>
    <ClInclude Include="src\Engine\Renderer\Buffer.hpp">
      <Filter>Engine\Renderer</Filter>
    </ClInclude>
    <ClInclude Include="src\Engine\Renderer\CommandBuffer.hpp">
      <Filter>Engine\Renderer</Filter>
    </ClInclude>
    <ClInclude Include="src\Engine\Renderer\CommandBufferAllocator.hpp">
      <Filter>Engine\Renderer</Filter>
    </ClInclude>
    <ClInclude Include="src\Engine\Renderer\ComputeCommand.hpp">
      <Filter>Engine\Renderer</Filter>
    </ClInclude>
    <ClInclude Include="src\Engine\Renderer\Descriptor.hpp">
      <Filter>Engine\Renderer</Filter>
    </ClInclude>
    <ClInclude Include="src\Engine\Renderer\Fence.hpp">
      <Filter>Engine\Renderer</Filter>
    </ClInclude>
    <ClInclude Include="src\Engine\Renderer\Framebuffer.hpp">
      <Filter>Engine\Renderer</Filter>
    </ClInclude>
    <ClInclude Include="src\Engine\Renderer\GpuAdapter.hpp">
      <Filter>Engine\Renderer</Filter>
    </ClInclude>
    <ClInclude Include="src\Engine\Renderer\IBLTextureMaker.hpp">
      <Filter>Engine\Renderer</Filter>
    </ClInclude>
    <ClInclude Include="src\Engine\Renderer\Material.hpp">
      <Filter>Engine\Renderer</Filter>
    </ClInclude>
    <ClInclude Include="src\Engine\Renderer\Pipeline.hpp">
      <Filter>Engine\Renderer</Filter>
    </ClInclude>
    <ClInclude Include="src\Engine\Renderer\Queue.hpp">
      <Filter>Engine\Renderer</Filter>
    </ClInclude>
    <ClInclude Include="src\Engine\Renderer\RHI.hpp">
      <Filter>Engine\Renderer</Filter>
    </ClInclude>
    <ClInclude Include="src\Engine\Renderer\RenderCommand.hpp">
      <Filter>Engine\Renderer</Filter>
    </ClInclude>
    <ClInclude Include="src\Engine\Renderer\RenderGraph.hpp">
      <Filter>Engine\Renderer</Filter>
    </ClInclude>
    <ClInclude Include="src\Engine\Renderer\RenderPass.hpp">
      <Filter>Engine\Renderer</Filter>
    </ClInclude>
    <ClInclude Include="src\Engine\Renderer\Renderer.hpp">
      <Filter>Engine\Renderer</Filter>
    </ClInclude>
    <ClInclude Include="src\Engine\Renderer\RendererAPI.hpp">
      <Filter>Engine\Renderer</Filter>
    </ClInclude>
    <ClInclude Include="src\Engine\Renderer\Semaphore.hpp">
      <Filter>Engine\Renderer</Filter>
    </ClInclude>
    <ClInclude Include="src\Engine\Renderer\Swapchain.hpp">
      <Filter>Engine\Renderer</Filter>
    </ClInclude>
    <ClInclude Include="src\Engine\Renderer\Texture.hpp">
      <Filter>Engine\Renderer</Filter>
    </ClInclude>
    <ClInclude Include="src\Engine\Scene.hpp">
      <Filter>Engine</Filter>
    </ClInclude>
    <ClInclude Include="src\Engine\SceneManager.hpp">
      <Filter>Engine</Filter>
    </ClInclude>
    <ClInclude Include="src\Engine\SceneSerializer.hpp">
      <Filter>Engine</Filter>
    </ClInclude>
    <ClInclude Include="src\Engine\ScriptEngine.hpp">
      <Filter>Engine</Filter>
    </ClInclude>
    <ClInclude Include="src\Engine\Window.hpp">
      <Filter>Engine</Filter>
    </ClInclude>
    <ClInclude Include="src\Graphics\DirectX12\BufferDirectX12.hpp">
      <Filter>Graphics\DirectX12</Filter>
    </ClInclude>
    <ClInclude Include="src\Graphics\DirectX12\CommandBufferAllocatorDirectX12.hpp">
      <Filter>Graphics\DirectX12</Filter>
    </ClInclude>
    <ClInclude Include="src\Graphics\DirectX12\CommandBufferDirectX12.hpp">
      <Filter>Graphics\DirectX12</Filter>
    </ClInclude>
    <ClInclude Include="src\Graphics\DirectX12\FenceDirectX12.hpp">
      <Filter>Graphics\DirectX12</Filter>
    </ClInclude>
    <ClInclude Include="src\Graphics\DirectX12\GpuAdapterDirectX12.hpp">
      <Filter>Graphics\DirectX12</Filter>
    </ClInclude>
    <ClInclude Include="src\Graphics\DirectX12\PipelineDirectX12.hpp">
      <Filter>Graphics\DirectX12</Filter>
    </ClInclude>
    <ClInclude Include="src\Graphics\DirectX12\QueueDirectX12.hpp">
      <Filter>Graphics\DirectX12</Filter>
    </ClInclude>
    <ClInclude Include="src\Graphics\DirectX12\RenderPassDirectX12.hpp">
      <Filter>Graphics\DirectX12</Filter>
    </ClInclude>
    <ClInclude Include="src\Graphics\DirectX12\RendererAPIDirectX12.hpp">
      <Filter>Graphics\DirectX12</Filter>
    </ClInclude>
    <ClInclude Include="src\Graphics\DirectX12\SemaphoreDirectX12.hpp">
      <Filter>Graphics\DirectX12</Filter>
    </ClInclude>
    <ClInclude Include="src\Graphics\DirectX12\SwapchainDirectX12.hpp">
      <Filter>Graphics\DirectX12</Filter>
    </ClInclude>
    <ClInclude Include="src\Graphics\DirectX12\TextureDirectX12.hpp">
      <Filter>Graphics\DirectX12</Filter>
    </ClInclude>
    <ClInclude Include="src\Graphics\DirectX12\UtilitiesDirectX12.hpp">
      <Filter>Graphics\DirectX12</Filter>
    </ClInclude>
    <ClInclude Include="src\Graphics\Factories\SwapchainFactory.hpp">
      <Filter>Graphics\Factories</Filter>
    </ClInclude>
    <ClInclude Include="src\Graphics\Vulkan\BufferVulkan.hpp">
      <Filter>Graphics\Vulkan</Filter>
    </ClInclude>
    <ClInclude Include="src\Graphics\Vulkan\CommandBufferAllocatorVulkan.hpp">
      <Filter>Graphics\Vulkan</Filter>
    </ClInclude>
    <ClInclude Include="src\Graphics\Vulkan\CommandBufferVulkan.hpp">
      <Filter>Graphics\Vulkan</Filter>
    </ClInclude>
    <ClInclude Include="src\Graphics\Vulkan\ComputeAPIVulkan.hpp">
      <Filter>Graphics\Vulkan</Filter>
    </ClInclude>
    <ClInclude Include="src\Graphics\Vulkan\Defines.h">
      <Filter>Graphics\Vulkan</Filter>
    </ClInclude>
    <ClInclude Include="src\Graphics\Vulkan\DescriptorLayoutVulkan.hpp">
      <Filter>Graphics\Vulkan</Filter>
    </ClInclude>
    <ClInclude Include="src\Graphics\Vulkan\FenceVulkan.hpp">
      <Filter>Graphics\Vulkan</Filter>
    </ClInclude>
    <ClInclude Include="src\Graphics\Vulkan\GpuAdapterVulkan.hpp">
      <Filter>Graphics\Vulkan</Filter>
    </ClInclude>
    <ClInclude Include="src\Graphics\Vulkan\PipelineVulkan.hpp">
      <Filter>Graphics\Vulkan</Filter>
    </ClInclude>
    <ClInclude Include="src\Graphics\Vulkan\QueueVulkan.hpp">
      <Filter>Graphics\Vulkan</Filter>
    </ClInclude>
    <ClInclude Include="src\Graphics\Vulkan\RendererAPIVulkan.hpp">
      <Filter>Graphics\Vulkan</Filter>
    </ClInclude>
    <ClInclude Include="src\Graphics\Vulkan\RenderpassVulkan.hpp">
      <Filter>Graphics\Vulkan</Filter>
    </ClInclude>
    <ClInclude Include="src\Graphics\Vulkan\SemaphoreVulkan.hpp">
      <Filter>Graphics\Vulkan</Filter>
    </ClInclude>
    <ClInclude Include="src\Graphics\Vulkan\SurfaceFactoryVulkan.hpp">
      <Filter>Graphics\Vulkan</Filter>
    </ClInclude>
    <ClInclude Include="src\Graphics\Vulkan\SwapchainVulkan.hpp">
      <Filter>Graphics\Vulkan</Filter>
    </ClInclude>
    <ClInclude Include="src\Graphics\Vulkan\TextureVulkan.hpp">
      <Filter>Graphics\Vulkan</Filter>
    </ClInclude>
    <ClInclude Include="src\Graphics\Vulkan\UtilitiesVulkan.hpp">
      <Filter>Graphics\Vulkan</Filter>
    </ClInclude>
    <ClInclude Include="src\Platform\Windows\WindowsWindow.hpp">
      <Filter>Platform\Windows</Filter>
    </ClInclude>
    <ClInclude Include="src\VmaUsage.h" />
    <ClInclude Include="src\Engine\Renderer\CSMRenderPass.hpp" />
    <ClInclude Include="src\Graphics\Vulkan\CSMRenderpassVulkan.hpp" />
  </ItemGroup>
  <ItemGroup>
    <ClCompile Include="src\Core\Log.cpp">
      <Filter>Core</Filter>
    </ClCompile>
    <ClCompile Include="src\Editor\AssetsPanel.cpp">
      <Filter>Editor</Filter>
    </ClCompile>
    <ClCompile Include="src\Editor\ConsolePanel.cpp">
      <Filter>Editor</Filter>
    </ClCompile>
    <ClCompile Include="src\Editor\Editor.cpp">
      <Filter>Editor</Filter>
    </ClCompile>
    <ClCompile Include="src\Editor\GamePanel.cpp">
      <Filter>Editor</Filter>
    </ClCompile>
    <ClCompile Include="src\Editor\HeirarchyPanel.cpp">
      <Filter>Editor</Filter>
    </ClCompile>
    <ClCompile Include="src\Editor\InspectorPanel.cpp">
      <Filter>Editor</Filter>
    </ClCompile>
    <ClCompile Include="src\Editor\MaterialPanel.cpp">
      <Filter>Editor</Filter>
    </ClCompile>
    <ClCompile Include="src\Editor\ScenePanel.cpp">
      <Filter>Editor</Filter>
    </ClCompile>
    <ClCompile Include="src\Engine\Application.cpp">
      <Filter>Engine</Filter>
    </ClCompile>
    <ClCompile Include="src\Engine\Camera.cpp">
      <Filter>Engine</Filter>
    </ClCompile>
    <ClCompile Include="src\Engine\Engine.cpp">
      <Filter>Engine</Filter>
    </ClCompile>
    <ClCompile Include="src\Engine\Entity.cpp">
      <Filter>Engine</Filter>
    </ClCompile>
    <ClCompile Include="src\Engine\MeshAsset.cpp">
      <Filter>Engine</Filter>
    </ClCompile>
    <ClCompile Include="src\Engine\OrthographicCamera.cpp">
      <Filter>Engine</Filter>
    </ClCompile>
    <ClCompile Include="src\Engine\Renderer\Buffer.cpp">
      <Filter>Engine\Renderer</Filter>
    </ClCompile>
    <ClCompile Include="src\Engine\Renderer\CommanBuffer.cpp">
      <Filter>Engine\Renderer</Filter>
    </ClCompile>
    <ClCompile Include="src\Engine\Renderer\CommandBufferAllocator.cpp">
      <Filter>Engine\Renderer</Filter>
    </ClCompile>
    <ClCompile Include="src\Engine\Renderer\ComputeCommands.cpp">
      <Filter>Engine\Renderer</Filter>
    </ClCompile>
    <ClCompile Include="src\Engine\Renderer\Descriptor.cpp">
      <Filter>Engine\Renderer</Filter>
    </ClCompile>
    <ClCompile Include="src\Engine\Renderer\Fence.cpp">
      <Filter>Engine\Renderer</Filter>
    </ClCompile>
    <ClCompile Include="src\Engine\Renderer\GpuAdapter.cpp">
      <Filter>Engine\Renderer</Filter>
    </ClCompile>
    <ClCompile Include="src\Engine\Renderer\IBLTextureMaker.cpp">
      <Filter>Engine\Renderer</Filter>
    </ClCompile>
    <ClCompile Include="src\Engine\Renderer\Pipeline.cpp">
      <Filter>Engine\Renderer</Filter>
    </ClCompile>
    <ClCompile Include="src\Engine\Renderer\Queue.cpp">
      <Filter>Engine\Renderer</Filter>
    </ClCompile>
    <ClCompile Include="src\Engine\Renderer\RenderCommand.cpp">
      <Filter>Engine\Renderer</Filter>
    </ClCompile>
    <ClCompile Include="src\Engine\Renderer\RenderPass.cpp">
      <Filter>Engine\Renderer</Filter>
    </ClCompile>
    <ClCompile Include="src\Engine\Renderer\Renderer.cpp">
      <Filter>Engine\Renderer</Filter>
    </ClCompile>
    <ClCompile Include="src\Engine\Renderer\RendererAPI.cpp">
      <Filter>Engine\Renderer</Filter>
    </ClCompile>
    <ClCompile Include="src\Engine\Renderer\Semaphore.cpp">
      <Filter>Engine\Renderer</Filter>
    </ClCompile>
    <ClCompile Include="src\Engine\Renderer\Swapchain.cpp">
      <Filter>Engine\Renderer</Filter>
    </ClCompile>
    <ClCompile Include="src\Engine\Renderer\Texture.cpp">
      <Filter>Engine\Renderer</Filter>
    </ClCompile>
    <ClCompile Include="src\Engine\Scene.cpp">
      <Filter>Engine</Filter>
    </ClCompile>
    <ClCompile Include="src\Engine\SceneManager.cpp">
      <Filter>Engine</Filter>
    </ClCompile>
    <ClCompile Include="src\Engine\SceneSerializer.cpp">
      <Filter>Engine</Filter>
    </ClCompile>
    <ClCompile Include="src\Engine\ScriptEngine.cpp">
      <Filter>Engine</Filter>
    </ClCompile>
    <ClCompile Include="src\Engine\Window.cpp">
      <Filter>Engine</Filter>
    </ClCompile>
    <ClCompile Include="src\Graphics\DirectX12\BufferDirectX12.cpp">
      <Filter>Graphics\DirectX12</Filter>
    </ClCompile>
    <ClCompile Include="src\Graphics\DirectX12\CommandBufferAllocatorDirectX12.cpp">
      <Filter>Graphics\DirectX12</Filter>
    </ClCompile>
    <ClCompile Include="src\Graphics\DirectX12\CommandBufferDirectX12.cpp">
      <Filter>Graphics\DirectX12</Filter>
    </ClCompile>
    <ClCompile Include="src\Graphics\DirectX12\FenceDirectX12.cpp">
      <Filter>Graphics\DirectX12</Filter>
    </ClCompile>
    <ClCompile Include="src\Graphics\DirectX12\GpuAdapterDirectX12.cpp">
      <Filter>Graphics\DirectX12</Filter>
    </ClCompile>
    <ClCompile Include="src\Graphics\DirectX12\PipelineDirecX12.cpp">
      <Filter>Graphics\DirectX12</Filter>
    </ClCompile>
    <ClCompile Include="src\Graphics\DirectX12\QueueDirectX12.cpp">
      <Filter>Graphics\DirectX12</Filter>
    </ClCompile>
    <ClCompile Include="src\Graphics\DirectX12\RenderPassDirectX12.cpp">
      <Filter>Graphics\DirectX12</Filter>
    </ClCompile>
    <ClCompile Include="src\Graphics\DirectX12\SemaphoreDirectX12.cpp">
      <Filter>Graphics\DirectX12</Filter>
    </ClCompile>
    <ClCompile Include="src\Graphics\DirectX12\SwapchainDirectX12.cpp">
      <Filter>Graphics\DirectX12</Filter>
    </ClCompile>
    <ClCompile Include="src\Graphics\DirectX12\TextureDirectX12.cpp">
      <Filter>Graphics\DirectX12</Filter>
    </ClCompile>
    <ClCompile Include="src\Graphics\DirectX12\UtilitiesDirectX12.cpp">
      <Filter>Graphics\DirectX12</Filter>
    </ClCompile>
    <ClCompile Include="src\Graphics\Vulkan\BufferVulkan.cpp">
      <Filter>Graphics\Vulkan</Filter>
    </ClCompile>
    <ClCompile Include="src\Graphics\Vulkan\CommandBufferAllocatorVulkan.cpp">
      <Filter>Graphics\Vulkan</Filter>
    </ClCompile>
    <ClCompile Include="src\Graphics\Vulkan\CommandBufferVulkan.cpp">
      <Filter>Graphics\Vulkan</Filter>
    </ClCompile>
    <ClCompile Include="src\Graphics\Vulkan\DescriptorLayoutVulkan.cpp">
      <Filter>Graphics\Vulkan</Filter>
    </ClCompile>
    <ClCompile Include="src\Graphics\Vulkan\FenceVulkan.cpp">
      <Filter>Graphics\Vulkan</Filter>
    </ClCompile>
    <ClCompile Include="src\Graphics\Vulkan\GpuAdapterVulkan.cpp">
      <Filter>Graphics\Vulkan</Filter>
    </ClCompile>
    <ClCompile Include="src\Graphics\Vulkan\PipelineVulkan.cpp">
      <Filter>Graphics\Vulkan</Filter>
    </ClCompile>
    <ClCompile Include="src\Graphics\Vulkan\QueueVulkan.cpp">
      <Filter>Graphics\Vulkan</Filter>
    </ClCompile>
    <ClCompile Include="src\Graphics\Vulkan\RenderpassVulkan.cpp">
      <Filter>Graphics\Vulkan</Filter>
    </ClCompile>
    <ClCompile Include="src\Graphics\Vulkan\SemaphoreVulkan.cpp">
      <Filter>Graphics\Vulkan</Filter>
    </ClCompile>
    <ClCompile Include="src\Graphics\Vulkan\SwapchainVulkan.cpp">
      <Filter>Graphics\Vulkan</Filter>
    </ClCompile>
    <ClCompile Include="src\Graphics\Vulkan\TextureVulkan.cpp">
      <Filter>Graphics\Vulkan</Filter>
    </ClCompile>
    <ClCompile Include="src\Graphics\Vulkan\UtilitiesVulkan.cpp">
      <Filter>Graphics\Vulkan</Filter>
    </ClCompile>
    <ClCompile Include="src\Graphics\Vulkan\volk.cpp">
      <Filter>Graphics\Vulkan</Filter>
    </ClCompile>
    <ClCompile Include="src\Main\main.cpp">
      <Filter>Main</Filter>
    </ClCompile>
    <ClCompile Include="src\Platform\Windows\WindowsWindow.cpp">
      <Filter>Platform\Windows</Filter>
    </ClCompile>
    <ClCompile Include="src\VmaUsage.cpp" />
    <ClCompile Include="src\VolkUsage.cpp" />
    <ClCompile Include="src\stbimage.cc" />
    <ClCompile Include="src\volk.c" />
    <ClCompile Include="src\Engine\Renderer\CSMRenderPass.cpp" />
    <ClCompile Include="src\Graphics\Vulkan\CSMRenderPassVulkan.cpp" />
  </ItemGroup>
</Project>